{
  "name": "whatsapp-sorteio-bot",
  "version": "1.0.0",
  "lockfileVersion": 3,
  "requires": true,
  "packages": {
    "": {
      "name": "whatsapp-sorteio-bot",
      "version": "1.0.0",
      "dependencies": {
        "@hapi/boom": "^10.0.1",
        "@vercel/kv": "^2.0.0",
        "@whiskeysockets/baileys": "^6.7.7",
        "qrcode-terminal": "^0.12.0"
      }
    },
    "node_modules/@hapi/boom": {
      "version": "10.0.1",
      "resolved": "https://registry.npmjs.org/@hapi/boom/-/boom-10.0.1.tgz",
      "integrity": "sha512-ERcC7zDeDaQ0WlhTp0GaP6K3rhGAm7gB6D6SNaHa7jbcLEF2PbjuBzvF7v49s3W2zGI/ONHHqWH1rF7lLMUrweQ==",
      "dependencies": {
        "@hapi/hoek": "^11.0.2"
      }
    },
    "node_modules/@hapi/hoek": {
      "version": "11.0.4",
      "resolved": "https://registry.npmjs.org/@hapi/hoek/-/hoek-11.0.4.tgz",
      "integrity": "sha512-PnsP5d4q728jPKD6T+SKamQCeCw80Zvr/2PJaC8t+4YZE6A3TA6HKpA9HCCrP4m3mOa9ZOjF3VNFX82ND51b4rg=="
    },
    "node_modules/@vercel/kv": {
      "version": "2.0.0",
      "resolved": "https://registry.npmjs.org/@vercel/kv/-/kv-2.0.0.tgz",
      "integrity": "sha512-4zD6k1/4GfyO5FuEL5eQ3JUFl3xVo6lKB1VM+Shu39P4Kn4csqWiC6OalOKqKeHrw+0/5qhAF+nx0HFr6KxA+Ng=="
    },
    "node_modules/@whiskeysockets/baileys": {
      "version": "6.7.7",
      "resolved": "https://registry.npmjs.org/@whiskeysockets/baileys/-/baileys-6.7.7.tgz",
      "integrity": "sha512-OzXldi8LNVj9K7vA4Z2O3cWFXj6u4dD0V+onh0K8x0Q1O1iA6Ky5T8z0h2WAIv2gFlf1c6fY3eQDHXKBK2L2g0w==",
      "dependencies": {
        "ws": "^8.18.0"
      }
    },
    "node_modules/qrcode-terminal": {
      "version": "0.12.0",
      "resolved": "https://registry.npmjs.org/qrcode-terminal/-/qrcode-terminal-0.12.0.tgz",
      "integrity": "sha512-3keZ2Qe+2W5XQoYNtK9W7ZdjjTb7e4jP7XHPHrdO9GjeJ3/QZ+UTj/3vwu3Wi37bex1FDVkh3QUVjeY/8toW+2w=="
    },
    "node_modules/ws": {
      "version": "8.18.0",
      "resolved": "https://registry.npmjs.org/ws/-/ws-8.18.0.tgz",
      "integrity": "sha512-8VbfWfHLbsf7jLecSBi8T2T+AbTF4nkiwaR9CwxyNG8pTDSGa7TyW6Y20T77rtM7wvb3m+TLRY4yaF3kArtN6mw=="
    }
  }
}